
Microsoft Visual Studio Solution File, Format Version 12.00
# Visual Studio Version 16
VisualStudioVersion = 16.0.29728.190
MinimumVisualStudioVersion = 10.0.40219.1
Project("{FAE04EC0-301F-11D3-BF4B-00C04F79EFBC}") = "Polindrom", "Polindrom\Polindrom.csproj", "{9213F55F-4D7A-42BE-9BE6-61ACEDECE3EF}"
EndProject
Global
	GlobalSection(SolutionConfigurationPlatforms) = preSolution
		Debug|Any CPU = Debug|Any CPU
		Release|Any CPU = Release|Any CPU
	EndGlobalSection
	GlobalSection(ProjectConfigurationPlatforms) = postSolution
		{9213F55F-4D7A-42BE-9BE6-61ACEDECE3EF}.Debug|Any CPU.ActiveCfg = Debug|Any CPU
		{9213F55F-4D7A-42BE-9BE6-61ACEDECE3EF}.Debug|Any CPU.Build.0 = Debug|Any CPU
		{9213F55F-4D7A-42BE-9BE6-61ACEDECE3EF}.Release|Any CPU.ActiveCfg = Release|Any CPU
		{9213F55F-4D7A-42BE-9BE6-61ACEDECE3EF}.Release|Any CPU.Build.0 = Release|Any CPU
	EndGlobalSection
	GlobalSection(SolutionProperties) = preSolution
		HideSolutionNode = FALSE
	EndGlobalSection
	GlobalSection(ExtensibilityGlobals) = postSolution
		SolutionGuid = {FF2DE7A8-ADD2-44CA-BD3A-3A1BFAFAFE58}
	EndGlobalSection
EndGlobal
